
Microsoft Visual Studio Solution File, Format Version 12.00
# Visual Studio 15
VisualStudioVersion = 15.0.27130.2010
MinimumVisualStudioVersion = 10.0.40219.1
Project("{FAE04EC0-301F-11D3-BF4B-00C04F79EFBC}") = "Class_Exercises", "Class_Exercises\Class_Exercises.csproj", "{D13EE38B-B665-4F0B-92A8-4798C696655E}"
EndProject
Global
	GlobalSection(SolutionConfigurationPlatforms) = preSolution
		Debug|Any CPU = Debug|Any CPU
		Release|Any CPU = Release|Any CPU
	EndGlobalSection
	GlobalSection(ProjectConfigurationPlatforms) = postSolution
		{D13EE38B-B665-4F0B-92A8-4798C696655E}.Debug|Any CPU.ActiveCfg = Debug|Any CPU
		{D13EE38B-B665-4F0B-92A8-4798C696655E}.Debug|Any CPU.Build.0 = Debug|Any CPU
		{D13EE38B-B665-4F0B-92A8-4798C696655E}.Release|Any CPU.ActiveCfg = Release|Any CPU
		{D13EE38B-B665-4F0B-92A8-4798C696655E}.Release|Any CPU.Build.0 = Release|Any CPU
	EndGlobalSection
	GlobalSection(SolutionProperties) = preSolution
		HideSolutionNode = FALSE
	EndGlobalSection
	GlobalSection(ExtensibilityGlobals) = postSolution
		SolutionGuid = {F75BA9E5-6B54-4F2C-A555-74C225E40335}
	EndGlobalSection
EndGlobal
